
Microsoft Visual Studio Solution File, Format Version 12.00
# Visual Studio Version 17
VisualStudioVersion = 17.0.31903.59
MinimumVisualStudioVersion = 10.0.40219.1
Project("{9A19103F-16F7-4668-BE54-9A1E7A4F7556}") = "SqliteUtil", "SqliteUtil\SqliteUtil.csproj", "{464A85A5-8710-4905-ADCE-1FA0C387BDB7}"
EndProject
Project("{9A19103F-16F7-4668-BE54-9A1E7A4F7556}") = "AzureTableUtil", "AzureTableUtil\AzureTableUtil.csproj", "{8C653992-F2C2-4411-B1CF-44FE22391636}"
EndProject
Project("{9A19103F-16F7-4668-BE54-9A1E7A4F7556}") = "HostUtil", "HostUtil\HostUtil.csproj", "{550ABB54-42D3-494E-9D44-8EB5634E2DF5}"
EndProject
Global
	GlobalSection(SolutionConfigurationPlatforms) = preSolution
		Debug|Any CPU = Debug|Any CPU
		Release|Any CPU = Release|Any CPU
	EndGlobalSection
	GlobalSection(ProjectConfigurationPlatforms) = postSolution
		{464A85A5-8710-4905-ADCE-1FA0C387BDB7}.Debug|Any CPU.ActiveCfg = Debug|Any CPU
		{464A85A5-8710-4905-ADCE-1FA0C387BDB7}.Debug|Any CPU.Build.0 = Debug|Any CPU
		{464A85A5-8710-4905-ADCE-1FA0C387BDB7}.Release|Any CPU.ActiveCfg = Release|Any CPU
		{464A85A5-8710-4905-ADCE-1FA0C387BDB7}.Release|Any CPU.Build.0 = Release|Any CPU
		{8C653992-F2C2-4411-B1CF-44FE22391636}.Debug|Any CPU.ActiveCfg = Debug|Any CPU
		{8C653992-F2C2-4411-B1CF-44FE22391636}.Debug|Any CPU.Build.0 = Debug|Any CPU
		{8C653992-F2C2-4411-B1CF-44FE22391636}.Release|Any CPU.ActiveCfg = Release|Any CPU
		{8C653992-F2C2-4411-B1CF-44FE22391636}.Release|Any CPU.Build.0 = Release|Any CPU
		{550ABB54-42D3-494E-9D44-8EB5634E2DF5}.Debug|Any CPU.ActiveCfg = Debug|Any CPU
		{550ABB54-42D3-494E-9D44-8EB5634E2DF5}.Debug|Any CPU.Build.0 = Debug|Any CPU
		{550ABB54-42D3-494E-9D44-8EB5634E2DF5}.Release|Any CPU.ActiveCfg = Release|Any CPU
		{550ABB54-42D3-494E-9D44-8EB5634E2DF5}.Release|Any CPU.Build.0 = Release|Any CPU
	EndGlobalSection
	GlobalSection(SolutionProperties) = preSolution
		HideSolutionNode = FALSE
	EndGlobalSection
	GlobalSection(ExtensibilityGlobals) = postSolution
		SolutionGuid = {8D03BF8A-F6A3-4F7E-A3E4-C152F90FBC0D}
	EndGlobalSection
EndGlobal
